
Microsoft Visual Studio Solution File, Format Version 12.00
# Visual Studio Version 17
VisualStudioVersion = 17.1.32328.378
MinimumVisualStudioVersion = 10.0.40219.1
Project("{FAE04EC0-301F-11D3-BF4B-00C04F79EFBC}") = "WahaWikiAPI", "WahaWikiAPI\WahaWikiAPI.csproj", "{A068C1E0-E775-43F2-B884-F5BCE8880542}"
EndProject
Global
	GlobalSection(SolutionConfigurationPlatforms) = preSolution
		Debug|Any CPU = Debug|Any CPU
		Release|Any CPU = Release|Any CPU
	EndGlobalSection
	GlobalSection(ProjectConfigurationPlatforms) = postSolution
		{A068C1E0-E775-43F2-B884-F5BCE8880542}.Debug|Any CPU.ActiveCfg = Debug|Any CPU
		{A068C1E0-E775-43F2-B884-F5BCE8880542}.Debug|Any CPU.Build.0 = Debug|Any CPU
		{A068C1E0-E775-43F2-B884-F5BCE8880542}.Release|Any CPU.ActiveCfg = Release|Any CPU
		{A068C1E0-E775-43F2-B884-F5BCE8880542}.Release|Any CPU.Build.0 = Release|Any CPU
	EndGlobalSection
	GlobalSection(SolutionProperties) = preSolution
		HideSolutionNode = FALSE
	EndGlobalSection
	GlobalSection(ExtensibilityGlobals) = postSolution
		SolutionGuid = {3E3E2219-F340-4961-818C-8A7012BCFE87}
	EndGlobalSection
EndGlobal
